
Microsoft Visual Studio Solution File, Format Version 12.00
# Visual Studio Version 16
VisualStudioVersion = 16.0.29926.136
MinimumVisualStudioVersion = 10.0.40219.1
Project("{FAE04EC0-301F-11D3-BF4B-00C04F79EFBC}") = "PlutoRover", "Rover\PlutoRover.csproj", "{D05B356F-794C-42AD-A527-07BB0F1BC185}"
EndProject
Project("{FAE04EC0-301F-11D3-BF4B-00C04F79EFBC}") = "Rover.Domain", "Rover.Domain\Rover.Domain.csproj", "{D61E29C0-57BA-4C57-B25E-8BBF79B61D2B}"
EndProject
Project("{2150E333-8FDC-42A3-9474-1A3956D46DE8}") = "Tests", "Tests", "{B232D10C-D159-47EE-BA00-D8F45F738B6E}"
EndProject
Project("{FAE04EC0-301F-11D3-BF4B-00C04F79EFBC}") = "Rover.Domain.Tests", "Rover.Domain.Tests\Rover.Domain.Tests.csproj", "{192F543D-53FB-4186-A12F-338D47ACDFD1}"
EndProject
Global
	GlobalSection(SolutionConfigurationPlatforms) = preSolution
		Debug|Any CPU = Debug|Any CPU
		Release|Any CPU = Release|Any CPU
	EndGlobalSection
	GlobalSection(ProjectConfigurationPlatforms) = postSolution
		{D05B356F-794C-42AD-A527-07BB0F1BC185}.Debug|Any CPU.ActiveCfg = Debug|Any CPU
		{D05B356F-794C-42AD-A527-07BB0F1BC185}.Debug|Any CPU.Build.0 = Debug|Any CPU
		{D05B356F-794C-42AD-A527-07BB0F1BC185}.Release|Any CPU.ActiveCfg = Release|Any CPU
		{D05B356F-794C-42AD-A527-07BB0F1BC185}.Release|Any CPU.Build.0 = Release|Any CPU
		{D61E29C0-57BA-4C57-B25E-8BBF79B61D2B}.Debug|Any CPU.ActiveCfg = Debug|Any CPU
		{D61E29C0-57BA-4C57-B25E-8BBF79B61D2B}.Debug|Any CPU.Build.0 = Debug|Any CPU
		{D61E29C0-57BA-4C57-B25E-8BBF79B61D2B}.Release|Any CPU.ActiveCfg = Release|Any CPU
		{D61E29C0-57BA-4C57-B25E-8BBF79B61D2B}.Release|Any CPU.Build.0 = Release|Any CPU
		{192F543D-53FB-4186-A12F-338D47ACDFD1}.Debug|Any CPU.ActiveCfg = Debug|Any CPU
		{192F543D-53FB-4186-A12F-338D47ACDFD1}.Debug|Any CPU.Build.0 = Debug|Any CPU
		{192F543D-53FB-4186-A12F-338D47ACDFD1}.Release|Any CPU.ActiveCfg = Release|Any CPU
		{192F543D-53FB-4186-A12F-338D47ACDFD1}.Release|Any CPU.Build.0 = Release|Any CPU
	EndGlobalSection
	GlobalSection(SolutionProperties) = preSolution
		HideSolutionNode = FALSE
	EndGlobalSection
	GlobalSection(NestedProjects) = preSolution
		{192F543D-53FB-4186-A12F-338D47ACDFD1} = {B232D10C-D159-47EE-BA00-D8F45F738B6E}
	EndGlobalSection
	GlobalSection(ExtensibilityGlobals) = postSolution
		SolutionGuid = {C9F522AC-9AD2-44C0-AC26-AFFCBE5EC6D9}
	EndGlobalSection
EndGlobal
